// !$*UTF8*$!
{
	archiveVersion = 1;
	classes = {
	};
	objectVersion = 48;
	objects = {

/* Begin PBXBuildFile section */
		06C1FE441F3B333A00FD12C6 /* AppDelegate.swift in Sources */ = {isa = PBXBuildFile; fileRef = 06C1FE431F3B333A00FD12C6 /* AppDelegate.swift */; };
		06C1FE491F3B333A00FD12C6 /* Main.storyboard in Resources */ = {isa = PBXBuildFile; fileRef = 06C1FE471F3B333A00FD12C6 /* Main.storyboard */; };
		06C1FE4C1F3B333A00FD12C6 /* ToDoListtest.xcdatamodeld in Sources */ = {isa = PBXBuildFile; fileRef = 06C1FE4A1F3B333A00FD12C6 /* ToDoListtest.xcdatamodeld */; };
		06C1FE4E1F3B333A00FD12C6 /* Assets.xcassets in Resources */ = {isa = PBXBuildFile; fileRef = 06C1FE4D1F3B333A00FD12C6 /* Assets.xcassets */; };
		06C1FE511F3B333A00FD12C6 /* LaunchScreen.storyboard in Resources */ = {isa = PBXBuildFile; fileRef = 06C1FE4F1F3B333A00FD12C6 /* LaunchScreen.storyboard */; };
		06C1FE591F3B33CC00FD12C6 /* ToDOTableViewController.swift in Sources */ = {isa = PBXBuildFile; fileRef = 06C1FE581F3B33CC00FD12C6 /* ToDOTableViewController.swift */; };
		06C1FE5B1F3B357B00FD12C6 /* ToDo.swift in Sources */ = {isa = PBXBuildFile; fileRef = 06C1FE5A1F3B357B00FD12C6 /* ToDo.swift */; };
		06C1FE5F1F3B39A200FD12C6 /* AddToDoViewController.swift in Sources */ = {isa = PBXBuildFile; fileRef = 06C1FE5E1F3B39A200FD12C6 /* AddToDoViewController.swift */; };
		06C1FE611F3B459200FD12C6 /* CompleteViewController.swift in Sources */ = {isa = PBXBuildFile; fileRef = 06C1FE601F3B459200FD12C6 /* CompleteViewController.swift */; };
/* End PBXBuildFile section */

/* Begin PBXFileReference section */
		06C1FE401F3B333A00FD12C6 /* ToDoListtest.app */ = {isa = PBXFileReference; explicitFileType = wrapper.application; includeInIndex = 0; path = ToDoListtest.app; sourceTree = BUILT_PRODUCTS_DIR; };
		06C1FE431F3B333A00FD12C6 /* AppDelegate.swift */ = {isa = PBXFileReference; lastKnownFileType = sourcecode.swift; path = AppDelegate.swift; sourceTree = "<group>"; };
		06C1FE481F3B333A00FD12C6 /* Base */ = {isa = PBXFileReference; lastKnownFileType = file.storyboard; name = Base; path = Base.lproj/Main.storyboard; sourceTree = "<group>"; };
		06C1FE4B1F3B333A00FD12C6 /* ToDoListtest.xcdatamodel */ = {isa = PBXFileReference; lastKnownFileType = wrapper.xcdatamodel; path = ToDoListtest.xcdatamodel; sourceTree = "<group>"; };
		06C1FE4D1F3B333A00FD12C6 /* Assets.xcassets */ = {isa = PBXFileReference; lastKnownFileType = folder.assetcatalog; path = Assets.xcassets; sourceTree = "<group>"; };
		06C1FE501F3B333A00FD12C6 /* Base */ = {isa = PBXFileReference; lastKnownFileType = file.storyboard; name = Base; path = Base.lproj/LaunchScreen.storyboard; sourceTree = "<group>"; };
		06C1FE521F3B333A00FD12C6 /* Info.plist */ = {isa = PBXFileReference; lastKnownFileType = text.plist.xml; path = Info.plist; sourceTree = "<group>"; };
		06C1FE581F3B33CC00FD12C6 /* ToDOTableViewController.swift */ = {isa = PBXFileReference; lastKnownFileType = sourcecode.swift; path = ToDOTableViewController.swift; sourceTree = "<group>"; };
		06C1FE5A1F3B357B00FD12C6 /* ToDo.swift */ = {isa = PBXFileReference; lastKnownFileType = sourcecode.swift; path = ToDo.swift; sourceTree = "<group>"; };
		06C1FE5E1F3B39A200FD12C6 /* AddToDoViewController.swift */ = {isa = PBXFileReference; lastKnownFileType = sourcecode.swift; path = AddToDoViewController.swift; sourceTree = "<group>"; };
		06C1FE601F3B459200FD12C6 /* CompleteViewController.swift */ = {isa = PBXFileReference; lastKnownFileType = sourcecode.swift; path = CompleteViewController.swift; sourceTree = "<group>"; };
/* End PBXFileReference section */

/* Begin PBXFrameworksBuildPhase section */
		06C1FE3D1F3B333A00FD12C6 /* Frameworks */ = {
			isa = PBXFrameworksBuildPhase;
			buildActionMask = 2147483647;
			files = (
			);
			runOnlyForDeploymentPostprocessing = 0;
		};
/* End PBXFrameworksBuildPhase section */

/* Begin PBXGroup section */
		06C1FE371F3B333900FD12C6 = {
			isa = PBXGroup;
			children = (
				06C1FE421F3B333A00FD12C6 /* ToDoListtest */,
				06C1FE411F3B333A00FD12C6 /* Products */,
			);
			sourceTree = "<group>";
		};
		06C1FE411F3B333A00FD12C6 /* Products */ = {
			isa = PBXGroup;
			children = (
				06C1FE401F3B333A00FD12C6 /* ToDoListtest.app */,
			);
			name = Products;
			sourceTree = "<group>";
		};
		06C1FE421F3B333A00FD12C6 /* ToDoListtest */ = {
			isa = PBXGroup;
			children = (
				06C1FE431F3B333A00FD12C6 /* AppDelegate.swift */,
				06C1FE581F3B33CC00FD12C6 /* ToDOTableViewController.swift */,
				06C1FE5E1F3B39A200FD12C6 /* AddToDoViewController.swift */,
				06C1FE601F3B459200FD12C6 /* CompleteViewController.swift */,
				06C1FE5A1F3B357B00FD12C6 /* ToDo.swift */,
				06C1FE471F3B333A00FD12C6 /* Main.storyboard */,
				06C1FE4D1F3B333A00FD12C6 /* Assets.xcassets */,
				06C1FE4F1F3B333A00FD12C6 /* LaunchScreen.storyboard */,
				06C1FE521F3B333A00FD12C6 /* Info.plist */,
				06C1FE4A1F3B333A00FD12C6 /* ToDoListtest.xcdatamodeld */,
			);
			path = ToDoListtest;
			sourceTree = "<group>";
		};
/* End PBXGroup section */

/* Begin PBXNativeTarget section */
		06C1FE3F1F3B333A00FD12C6 /* ToDoListtest */ = {
			isa = PBXNativeTarget;
			buildConfigurationList = 06C1FE551F3B333A00FD12C6 /* Build configuration list for PBXNativeTarget "ToDoListtest" */;
			buildPhases = (
				06C1FE3C1F3B333A00FD12C6 /* Sources */,
				06C1FE3D1F3B333A00FD12C6 /* Frameworks */,
				06C1FE3E1F3B333A00FD12C6 /* Resources */,
			);
			buildRules = (
			);
			dependencies = (
			);
			name = ToDoListtest;
			productName = ToDoListtest;
			productReference = 06C1FE401F3B333A00FD12C6 /* ToDoListtest.app */;
			productType = "com.apple.product-type.application";
		};
/* End PBXNativeTarget section */

/* Begin PBXProject section */
		06C1FE381F3B333900FD12C6 /* Project object */ = {
			isa = PBXProject;
			attributes = {
				LastSwiftUpdateCheck = 0900;
				LastUpgradeCheck = 0900;
				ORGANIZATIONNAME = "Mostafa Taha";
				TargetAttributes = {
					06C1FE3F1F3B333A00FD12C6 = {
						CreatedOnToolsVersion = 9.0;
					};
				};
			};
			buildConfigurationList = 06C1FE3B1F3B333900FD12C6 /* Build configuration list for PBXProject "ToDoListtest" */;
			compatibilityVersion = "Xcode 8.0";
			developmentRegion = en;
			hasScannedForEncodings = 0;
			knownRegions = (
				en,
				Base,
			);
			mainGroup = 06C1FE371F3B333900FD12C6;
			productRefGroup = 06C1FE411F3B333A00FD12C6 /* Products */;
			projectDirPath = "";
			projectRoot = "";
			targets = (
				06C1FE3F1F3B333A00FD12C6 /* ToDoListtest */,
			);
		};
/* End PBXProject section */

/* Begin PBXResourcesBuildPhase section */
		06C1FE3E1F3B333A00FD12C6 /* Resources */ = {
			isa = PBXResourcesBuildPhase;
			buildActionMask = 2147483647;
			files = (
				06C1FE511F3B333A00FD12C6 /* LaunchScreen.storyboard in Resources */,
				06C1FE4E1F3B333A00FD12C6 /* Assets.xcassets in Resources */,
				06C1FE491F3B333A00FD12C6 /* Main.storyboard in Resources */,
			);
			runOnlyForDeploymentPostprocessing = 0;
		};
/* End PBXResourcesBuildPhase section */

/* Begin PBXSourcesBuildPhase section */
		06C1FE3C1F3B333A00FD12C6 /* Sources */ = {
			isa = PBXSourcesBuildPhase;
			buildActionMask = 2147483647;
			files = (
				06C1FE591F3B33CC00FD12C6 /* ToDOTableViewController.swift in Sources */,
				06C1FE4C1F3B333A00FD12C6 /* ToDoListtest.xcdatamodeld in Sources */,
				06C1FE5F1F3B39A200FD12C6 /* AddToDoViewController.swift in Sources */,
				06C1FE441F3B333A00FD12C6 /* AppDelegate.swift in Sources */,
				06C1FE5B1F3B357B00FD12C6 /* ToDo.swift in Sources */,
				06C1FE611F3B459200FD12C6 /* CompleteViewController.swift in Sources */,
			);
			runOnlyForDeploymentPostprocessing = 0;
		};
/* End PBXSourcesBuildPhase section */

/* Begin PBXVariantGroup section */
		06C1FE471F3B333A00FD12C6 /* Main.storyboard */ = {
			isa = PBXVariantGroup;
			children = (
				06C1FE481F3B333A00FD12C6 /* Base */,
			);
			name = Main.storyboard;
			sourceTree = "<group>";
		};
		06C1FE4F1F3B333A00FD12C6 /* LaunchScreen.storyboard */ = {
			isa = PBXVariantGroup;
			children = (
				06C1FE501F3B333A00FD12C6 /* Base */,
			);
			name = LaunchScreen.storyboard;
			sourceTree = "<group>";
		};
/* End PBXVariantGroup section */

/* Begin XCBuildConfiguration section */
		06C1FE531F3B333A00FD12C6 /* Debug */ = {
			isa = XCBuildConfiguration;
			buildSettings = {
				ALWAYS_SEARCH_USER_PATHS = NO;
				CLANG_ANALYZER_NONNULL = YES;
				CLANG_ANALYZER_NUMBER_OBJECT_CONVERSION = YES_AGGRESSIVE;
				CLANG_CXX_LANGUAGE_STANDARD = "gnu++14";
				CLANG_CXX_LIBRARY = "libc++";
				CLANG_ENABLE_MODULES = YES;
				CLANG_ENABLE_OBJC_ARC = YES;
				CLANG_WARN_BLOCK_CAPTURE_AUTORELEASING = YES;
				CLANG_WARN_BOOL_CONVERSION = YES;
				CLANG_WARN_COMMA = YES;
				CLANG_WARN_CONSTANT_CONVERSION = YES;
				CLANG_WARN_DIRECT_OBJC_ISA_USAGE = YES_ERROR;
				CLANG_WARN_DOCUMENTATION_COMMENTS = YES;
				CLANG_WARN_EMPTY_BODY = YES;
				CLANG_WARN_ENUM_CONVERSION = YES;
				CLANG_WARN_INFINITE_RECURSION = YES;
				CLANG_WARN_INT_CONVERSION = YES;
				CLANG_WARN_OBJC_ROOT_CLASS = YES_ERROR;
				CLANG_WARN_RANGE_LOOP_ANALYSIS = YES;
				CLANG_WARN_STRICT_PROTOTYPES = YES;
				CLANG_WARN_SUSPICIOUS_MOVE = YES;
				CLANG_WARN_UNGUARDED_AVAILABILITY = YES_AGGRESSIVE;
				CLANG_WARN_UNREACHABLE_CODE = YES;
				CLANG_WARN__DUPLICATE_METHOD_MATCH = YES;
				CODE_SIGN_IDENTITY = "iPhone Developer";
				COPY_PHASE_STRIP = NO;
				DEBUG_INFORMATION_FORMAT = dwarf;
				ENABLE_STRICT_OBJC_MSGSEND = YES;
				ENABLE_TESTABILITY = YES;
				GCC_C_LANGUAGE_STANDARD = gnu11;
				GCC_DYNAMIC_NO_PIC = NO;
				GCC_NO_COMMON_BLOCKS = YES;
				GCC_OPTIMIZATION_LEVEL = 0;
				GCC_PREPROCESSOR_DEFINITIONS = (
					"DEBUG=1",
					"$(inherited)",
				);
				GCC_WARN_64_TO_32_BIT_CONVERSION = YES;
				GCC_WARN_ABOUT_RETURN_TYPE = YES_ERROR;
				GCC_WARN_UNDECLARED_SELECTOR = YES;
				GCC_WARN_UNINITIALIZED_AUTOS = YES_AGGRESSIVE;
				GCC_WARN_UNUSED_FUNCTION = YES;
				GCC_WARN_UNUSED_VARIABLE = YES;
				IPHONEOS_DEPLOYMENT_TARGET = 11.0;
				MTL_ENABLE_DEBUG_INFO = YES;
				ONLY_ACTIVE_ARCH = YES;
				SDKROOT = iphoneos;
				SWIFT_ACTIVE_COMPILATION_CONDITIONS = DEBUG;
				SWIFT_OPTIMIZATION_LEVEL = "-Onone";
			};
			name = Debug;
		};
		06C1FE541F3B333A00FD12C6 /* Release */ = {
			isa = XCBuildConfiguration;
			buildSettings = {
				ALWAYS_SEARCH_USER_PATHS = NO;
				CLANG_ANALYZER_NONNULL = YES;
				CLANG_ANALYZER_NUMBER_OBJECT_CONVERSION = YES_AGGRESSIVE;
				CLANG_CXX_LANGUAGE_STANDARD = "gnu++14";
				CLANG_CXX_LIBRARY = "libc++";
				CLANG_ENABLE_MODULES = YES;
				CLANG_ENABLE_OBJC_ARC = YES;
				CLANG_WARN_BLOCK_CAPTURE_AUTORELEASING = YES;
				CLANG_WARN_BOOL_CONVERSION = YES;
				CLANG_WARN_COMMA = YES;
				CLANG_WARN_CONSTANT_CONVERSION = YES;
				CLANG_WARN_DIRECT_OBJC_ISA_USAGE = YES_ERROR;
				CLANG_WARN_DOCUMENTATION_COMMENTS = YES;
				CLANG_WARN_EMPTY_BODY = YES;
				CLANG_WARN_ENUM_CONVERSION = YES;
				CLANG_WARN_INFINITE_RECURSION = YES;
				CLANG_WARN_INT_CONVERSION = YES;
				CLANG_WARN_OBJC_ROOT_CLASS = YES_ERROR;
				CLANG_WARN_RANGE_LOOP_ANALYSIS = YES;
				CLANG_WARN_STRICT_PROTOTYPES = YES;
				CLANG_WARN_SUSPICIOUS_MOVE = YES;
				CLANG_WARN_UNGUARDED_AVAILABILITY = YES_AGGRESSIVE;
				CLANG_WARN_UNREACHABLE_CODE = YES;
				CLANG_WARN__DUPLICATE_METHOD_MATCH = YES;
				CODE_SIGN_IDENTITY = "iPhone Developer";
				COPY_PHASE_STRIP = NO;
				DEBUG_INFORMATION_FORMAT = "dwarf-with-dsym";
				ENABLE_NS_ASSERTIONS = NO;
				ENABLE_STRICT_OBJC_MSGSEND = YES;
				GCC_C_LANGUAGE_STANDARD = gnu11;
				GCC_NO_COMMON_BLOCKS = YES;
				GCC_WARN_64_TO_32_BIT_CONVERSION = YES;
				GCC_WARN_ABOUT_RETURN_TYPE = YES_ERROR;
				GCC_WARN_UNDECLARED_SELECTOR = YES;
				GCC_WARN_UNINITIALIZED_AUTOS = YES_AGGRESSIVE;
				GCC_WARN_UNUSED_FUNCTION = YES;
				GCC_WARN_UNUSED_VARIABLE = YES;
				IPHONEOS_DEPLOYMENT_TARGET = 11.0;
				MTL_ENABLE_DEBUG_INFO = NO;
				SDKROOT = iphoneos;
				SWIFT_OPTIMIZATION_LEVEL = "-Owholemodule";
				VALIDATE_PRODUCT = YES;
			};
			name = Release;
		};
		06C1FE561F3B333A00FD12C6 /* Debug */ = {
			isa = XCBuildConfiguration;
			buildSettings = {
				ASSETCATALOG_COMPILER_APPICON_NAME = AppIcon;
				INFOPLIST_FILE = ToDoListtest/Info.plist;
				LD_RUNPATH_SEARCH_PATHS = "$(inherited) @executable_path/Frameworks";
				PRODUCT_BUNDLE_IDENTIFIER = project.mostafa.ToDoListtest;
				PRODUCT_NAME = "$(TARGET_NAME)";
				SWIFT_VERSION = 4.0;
				TARGETED_DEVICE_FAMILY = "1,2";
			};
			name = Debug;
		};
		06C1FE571F3B333A00FD12C6 /* Release */ = {
			isa = XCBuildConfiguration;
			buildSettings = {
				ASSETCATALOG_COMPILER_APPICON_NAME = AppIcon;
				INFOPLIST_FILE = ToDoListtest/Info.plist;
				LD_RUNPATH_SEARCH_PATHS = "$(inherited) @executable_path/Frameworks";
				PRODUCT_BUNDLE_IDENTIFIER = project.mostafa.ToDoListtest;
				PRODUCT_NAME = "$(TARGET_NAME)";
				SWIFT_VERSION = 4.0;
				TARGETED_DEVICE_FAMILY = "1,2";
			};
			name = Release;
		};
/* End XCBuildConfiguration section */

/* Begin XCConfigurationList section */
		06C1FE3B1F3B333900FD12C6 /* Build configuration list for PBXProject "ToDoListtest" */ = {
			isa = XCConfigurationList;
			buildConfigurations = (
				06C1FE531F3B333A00FD12C6 /* Debug */,
				06C1FE541F3B333A00FD12C6 /* Release */,
			);
			defaultConfigurationIsVisible = 0;
			defaultConfigurationName = Release;
		};
		06C1FE551F3B333A00FD12C6 /* Build configuration list for PBXNativeTarget "ToDoListtest" */ = {
			isa = XCConfigurationList;
			buildConfigurations = (
				06C1FE561F3B333A00FD12C6 /* Debug */,
				06C1FE571F3B333A00FD12C6 /* Release */,
			);
			defaultConfigurationIsVisible = 0;
		};
/* End XCConfigurationList section */

/* Begin XCVersionGroup section */
		06C1FE4A1F3B333A00FD12C6 /* ToDoListtest.xcdatamodeld */ = {
			isa = XCVersionGroup;
			children = (
				06C1FE4B1F3B333A00FD12C6 /* ToDoListtest.xcdatamodel */,
			);
			currentVersion = 06C1FE4B1F3B333A00FD12C6 /* ToDoListtest.xcdatamodel */;
			path = ToDoListtest.xcdatamodeld;
			sourceTree = "<group>";
			versionGroupType = wrapper.xcdatamodel;
		};
/* End XCVersionGroup section */
	};
	rootObject = 06C1FE381F3B333900FD12C6 /* Project object */;
}
